
Microsoft Visual Studio Solution File, Format Version 12.00
# Visual Studio 14
VisualStudioVersion = 14.0.24720.0
MinimumVisualStudioVersion = 10.0.40219.1
Project("{FAE04EC0-301F-11D3-BF4B-00C04F79EFBC}") = "MyDemo", "MyDemo\MyDemo.csproj", "{CAEBC570-A398-4517-B93A-BE13FF8A2CC2}"
EndProject
Project("{FAE04EC0-301F-11D3-BF4B-00C04F79EFBC}") = "Dao", "Dao\Dao.csproj", "{2D14C7C5-713C-4202-A995-33AAE4F0B87B}"
EndProject
Project("{FAE04EC0-301F-11D3-BF4B-00C04F79EFBC}") = "Manager", "Manager\Manager.csproj", "{6BD0CAE2-70B3-40A9-859A-4E050F6FDCE1}"
EndProject
Project("{FAE04EC0-301F-11D3-BF4B-00C04F79EFBC}") = "Model", "Model\Model.csproj", "{E33B29E3-04DD-4A84-B112-1D89CE6BE928}"
EndProject
Project("{FAE04EC0-301F-11D3-BF4B-00C04F79EFBC}") = "MyDemo_CS", "WinForm\MyDemo_CS\MyDemo_CS.csproj", "{737682DA-61F6-4C35-B15A-B4847059D608}"
EndProject
Project("{FAE04EC0-301F-11D3-BF4B-00C04F79EFBC}") = "OOP", "OOP\OOP.csproj", "{7BE207D0-3897-4E8C-8CBC-B0487DE47AD2}"
EndProject
Project("{FAE04EC0-301F-11D3-BF4B-00C04F79EFBC}") = "JS", "JS\JS.csproj", "{94A908B3-ED91-4BF1-990C-820739E9BF95}"
EndProject
Project("{FAE04EC0-301F-11D3-BF4B-00C04F79EFBC}") = "Common", "Common\Common.csproj", "{8DDD0879-E903-4954-AD26-D6D3E6949D6F}"
EndProject
Project("{FAE04EC0-301F-11D3-BF4B-00C04F79EFBC}") = "MyService", "MyService\MyService.csproj", "{0F468240-5013-4DF5-AF54-33AD40BA6B79}"
EndProject
Project("{FAE04EC0-301F-11D3-BF4B-00C04F79EFBC}") = "MyWebAPI", "MyWebAPI\MyWebAPI.csproj", "{CBE28D8D-AD84-4369-8FD3-BC96ACF55F00}"
EndProject
Project("{FAE04EC0-301F-11D3-BF4B-00C04F79EFBC}") = "MyWebService", "MyWebService\MyWebService.csproj", "{EEAD0582-0573-4379-8686-E10318781DE1}"
EndProject
Project("{FAE04EC0-301F-11D3-BF4B-00C04F79EFBC}") = "事件和委托例子", "事件和委托例子\事件和委托例子.csproj", "{6C9310A3-7D30-4775-B074-553B0648635A}"
EndProject
Project("{FAE04EC0-301F-11D3-BF4B-00C04F79EFBC}") = "CZSCallForm", "WinForm\CZSCallForm\CZSCallForm.csproj", "{98F3D2BC-A6B5-414E-A7BE-1D65F6D21570}"
EndProject
Project("{FAE04EC0-301F-11D3-BF4B-00C04F79EFBC}") = "WebTest2", "WebTest2\WebTest2.csproj", "{5050D02B-0F47-4D0A-829A-C581A3F1653A}"
EndProject
Global
	GlobalSection(SolutionConfigurationPlatforms) = preSolution
		Debug|Any CPU = Debug|Any CPU
		Release|Any CPU = Release|Any CPU
	EndGlobalSection
	GlobalSection(ProjectConfigurationPlatforms) = postSolution
		{CAEBC570-A398-4517-B93A-BE13FF8A2CC2}.Debug|Any CPU.ActiveCfg = Debug|Any CPU
		{CAEBC570-A398-4517-B93A-BE13FF8A2CC2}.Debug|Any CPU.Build.0 = Debug|Any CPU
		{CAEBC570-A398-4517-B93A-BE13FF8A2CC2}.Release|Any CPU.ActiveCfg = Release|Any CPU
		{CAEBC570-A398-4517-B93A-BE13FF8A2CC2}.Release|Any CPU.Build.0 = Release|Any CPU
		{2D14C7C5-713C-4202-A995-33AAE4F0B87B}.Debug|Any CPU.ActiveCfg = Debug|Any CPU
		{2D14C7C5-713C-4202-A995-33AAE4F0B87B}.Debug|Any CPU.Build.0 = Debug|Any CPU
		{2D14C7C5-713C-4202-A995-33AAE4F0B87B}.Release|Any CPU.ActiveCfg = Release|Any CPU
		{2D14C7C5-713C-4202-A995-33AAE4F0B87B}.Release|Any CPU.Build.0 = Release|Any CPU
		{6BD0CAE2-70B3-40A9-859A-4E050F6FDCE1}.Debug|Any CPU.ActiveCfg = Debug|Any CPU
		{6BD0CAE2-70B3-40A9-859A-4E050F6FDCE1}.Debug|Any CPU.Build.0 = Debug|Any CPU
		{6BD0CAE2-70B3-40A9-859A-4E050F6FDCE1}.Release|Any CPU.ActiveCfg = Release|Any CPU
		{6BD0CAE2-70B3-40A9-859A-4E050F6FDCE1}.Release|Any CPU.Build.0 = Release|Any CPU
		{E33B29E3-04DD-4A84-B112-1D89CE6BE928}.Debug|Any CPU.ActiveCfg = Debug|Any CPU
		{E33B29E3-04DD-4A84-B112-1D89CE6BE928}.Debug|Any CPU.Build.0 = Debug|Any CPU
		{E33B29E3-04DD-4A84-B112-1D89CE6BE928}.Release|Any CPU.ActiveCfg = Release|Any CPU
		{E33B29E3-04DD-4A84-B112-1D89CE6BE928}.Release|Any CPU.Build.0 = Release|Any CPU
		{737682DA-61F6-4C35-B15A-B4847059D608}.Debug|Any CPU.ActiveCfg = Debug|Any CPU
		{737682DA-61F6-4C35-B15A-B4847059D608}.Debug|Any CPU.Build.0 = Debug|Any CPU
		{737682DA-61F6-4C35-B15A-B4847059D608}.Release|Any CPU.ActiveCfg = Release|Any CPU
		{737682DA-61F6-4C35-B15A-B4847059D608}.Release|Any CPU.Build.0 = Release|Any CPU
		{7BE207D0-3897-4E8C-8CBC-B0487DE47AD2}.Debug|Any CPU.ActiveCfg = Debug|Any CPU
		{7BE207D0-3897-4E8C-8CBC-B0487DE47AD2}.Debug|Any CPU.Build.0 = Debug|Any CPU
		{7BE207D0-3897-4E8C-8CBC-B0487DE47AD2}.Release|Any CPU.ActiveCfg = Release|Any CPU
		{7BE207D0-3897-4E8C-8CBC-B0487DE47AD2}.Release|Any CPU.Build.0 = Release|Any CPU
		{94A908B3-ED91-4BF1-990C-820739E9BF95}.Debug|Any CPU.ActiveCfg = Debug|Any CPU
		{94A908B3-ED91-4BF1-990C-820739E9BF95}.Debug|Any CPU.Build.0 = Debug|Any CPU
		{94A908B3-ED91-4BF1-990C-820739E9BF95}.Release|Any CPU.ActiveCfg = Release|Any CPU
		{94A908B3-ED91-4BF1-990C-820739E9BF95}.Release|Any CPU.Build.0 = Release|Any CPU
		{8DDD0879-E903-4954-AD26-D6D3E6949D6F}.Debug|Any CPU.ActiveCfg = Debug|Any CPU
		{8DDD0879-E903-4954-AD26-D6D3E6949D6F}.Debug|Any CPU.Build.0 = Debug|Any CPU
		{8DDD0879-E903-4954-AD26-D6D3E6949D6F}.Release|Any CPU.ActiveCfg = Release|Any CPU
		{8DDD0879-E903-4954-AD26-D6D3E6949D6F}.Release|Any CPU.Build.0 = Release|Any CPU
		{0F468240-5013-4DF5-AF54-33AD40BA6B79}.Debug|Any CPU.ActiveCfg = Debug|Any CPU
		{0F468240-5013-4DF5-AF54-33AD40BA6B79}.Debug|Any CPU.Build.0 = Debug|Any CPU
		{0F468240-5013-4DF5-AF54-33AD40BA6B79}.Release|Any CPU.ActiveCfg = Release|Any CPU
		{0F468240-5013-4DF5-AF54-33AD40BA6B79}.Release|Any CPU.Build.0 = Release|Any CPU
		{CBE28D8D-AD84-4369-8FD3-BC96ACF55F00}.Debug|Any CPU.ActiveCfg = Debug|Any CPU
		{CBE28D8D-AD84-4369-8FD3-BC96ACF55F00}.Debug|Any CPU.Build.0 = Debug|Any CPU
		{CBE28D8D-AD84-4369-8FD3-BC96ACF55F00}.Release|Any CPU.ActiveCfg = Release|Any CPU
		{CBE28D8D-AD84-4369-8FD3-BC96ACF55F00}.Release|Any CPU.Build.0 = Release|Any CPU
		{EEAD0582-0573-4379-8686-E10318781DE1}.Debug|Any CPU.ActiveCfg = Debug|Any CPU
		{EEAD0582-0573-4379-8686-E10318781DE1}.Debug|Any CPU.Build.0 = Debug|Any CPU
		{EEAD0582-0573-4379-8686-E10318781DE1}.Release|Any CPU.ActiveCfg = Release|Any CPU
		{EEAD0582-0573-4379-8686-E10318781DE1}.Release|Any CPU.Build.0 = Release|Any CPU
		{6C9310A3-7D30-4775-B074-553B0648635A}.Debug|Any CPU.ActiveCfg = Debug|Any CPU
		{6C9310A3-7D30-4775-B074-553B0648635A}.Debug|Any CPU.Build.0 = Debug|Any CPU
		{6C9310A3-7D30-4775-B074-553B0648635A}.Release|Any CPU.ActiveCfg = Release|Any CPU
		{6C9310A3-7D30-4775-B074-553B0648635A}.Release|Any CPU.Build.0 = Release|Any CPU
		{98F3D2BC-A6B5-414E-A7BE-1D65F6D21570}.Debug|Any CPU.ActiveCfg = Debug|Any CPU
		{98F3D2BC-A6B5-414E-A7BE-1D65F6D21570}.Debug|Any CPU.Build.0 = Debug|Any CPU
		{98F3D2BC-A6B5-414E-A7BE-1D65F6D21570}.Release|Any CPU.ActiveCfg = Release|Any CPU
		{98F3D2BC-A6B5-414E-A7BE-1D65F6D21570}.Release|Any CPU.Build.0 = Release|Any CPU
		{5050D02B-0F47-4D0A-829A-C581A3F1653A}.Debug|Any CPU.ActiveCfg = Debug|Any CPU
		{5050D02B-0F47-4D0A-829A-C581A3F1653A}.Debug|Any CPU.Build.0 = Debug|Any CPU
		{5050D02B-0F47-4D0A-829A-C581A3F1653A}.Release|Any CPU.ActiveCfg = Release|Any CPU
		{5050D02B-0F47-4D0A-829A-C581A3F1653A}.Release|Any CPU.Build.0 = Release|Any CPU
	EndGlobalSection
	GlobalSection(SolutionProperties) = preSolution
		HideSolutionNode = FALSE
	EndGlobalSection
EndGlobal
